
Microsoft Visual Studio Solution File, Format Version 12.00
# Visual Studio 2015
Project("{FAE04EC0-301F-11D3-BF4B-00C04F79EFBC}") = "Akiba", "Akiba.csproj", "{BC1D624D-C549-2362-D8BF-A5CA936FB25F}"
EndProject
Project("{FAE04EC0-301F-11D3-BF4B-00C04F79EFBC}") = "Akiba.Editor", "Akiba.Editor.csproj", "{12B96F67-D462-DBB7-79DB-42DFC376F51D}"
EndProject
Global
	GlobalSection(SolutionConfigurationPlatforms) = preSolution
		Debug|Any CPU = Debug|Any CPU
		Release|Any CPU = Release|Any CPU
	EndGlobalSection
	GlobalSection(ProjectConfigurationPlatforms) = postSolution
		{BC1D624D-C549-2362-D8BF-A5CA936FB25F}.Debug|Any CPU.ActiveCfg = Debug|Any CPU
		{BC1D624D-C549-2362-D8BF-A5CA936FB25F}.Debug|Any CPU.Build.0 = Debug|Any CPU
		{BC1D624D-C549-2362-D8BF-A5CA936FB25F}.Release|Any CPU.ActiveCfg = Release|Any CPU
		{BC1D624D-C549-2362-D8BF-A5CA936FB25F}.Release|Any CPU.Build.0 = Release|Any CPU
		{12B96F67-D462-DBB7-79DB-42DFC376F51D}.Debug|Any CPU.ActiveCfg = Debug|Any CPU
		{12B96F67-D462-DBB7-79DB-42DFC376F51D}.Debug|Any CPU.Build.0 = Debug|Any CPU
		{12B96F67-D462-DBB7-79DB-42DFC376F51D}.Release|Any CPU.ActiveCfg = Release|Any CPU
		{12B96F67-D462-DBB7-79DB-42DFC376F51D}.Release|Any CPU.Build.0 = Release|Any CPU
	EndGlobalSection
	GlobalSection(SolutionProperties) = preSolution
		HideSolutionNode = FALSE
	EndGlobalSection
EndGlobal
